
Microsoft Visual Studio Solution File, Format Version 12.00
# Visual Studio Version 16
VisualStudioVersion = 16.0.30011.22
MinimumVisualStudioVersion = 10.0.40219.1
Project("{FAE04EC0-301F-11D3-BF4B-00C04F79EFBC}") = "MatrixOperationsTests", "MatrixOperationsTests\MatrixOperationsTests.csproj", "{89B34887-B449-4160-A8E7-24B6C88B0585}"
EndProject
Project("{FAE04EC0-301F-11D3-BF4B-00C04F79EFBC}") = "MatrixOperations", "MatrixOperations\MatrixOperations.csproj", "{50E56FCF-C4F7-4827-A826-44DEA37EBA40}"
EndProject
Global
	GlobalSection(SolutionConfigurationPlatforms) = preSolution
		Debug|Any CPU = Debug|Any CPU
		Release|Any CPU = Release|Any CPU
	EndGlobalSection
	GlobalSection(ProjectConfigurationPlatforms) = postSolution
		{89B34887-B449-4160-A8E7-24B6C88B0585}.Debug|Any CPU.ActiveCfg = Debug|Any CPU
		{89B34887-B449-4160-A8E7-24B6C88B0585}.Debug|Any CPU.Build.0 = Debug|Any CPU
		{89B34887-B449-4160-A8E7-24B6C88B0585}.Release|Any CPU.ActiveCfg = Release|Any CPU
		{89B34887-B449-4160-A8E7-24B6C88B0585}.Release|Any CPU.Build.0 = Release|Any CPU
		{50E56FCF-C4F7-4827-A826-44DEA37EBA40}.Debug|Any CPU.ActiveCfg = Debug|Any CPU
		{50E56FCF-C4F7-4827-A826-44DEA37EBA40}.Debug|Any CPU.Build.0 = Debug|Any CPU
		{50E56FCF-C4F7-4827-A826-44DEA37EBA40}.Release|Any CPU.ActiveCfg = Release|Any CPU
		{50E56FCF-C4F7-4827-A826-44DEA37EBA40}.Release|Any CPU.Build.0 = Release|Any CPU
	EndGlobalSection
	GlobalSection(SolutionProperties) = preSolution
		HideSolutionNode = FALSE
	EndGlobalSection
	GlobalSection(ExtensibilityGlobals) = postSolution
		SolutionGuid = {B89550FE-331C-462B-8D39-FC4F22E1EC0B}
	EndGlobalSection
EndGlobal
